// !$*UTF8*$!
{
	archiveVersion = 1;
	classes = {
	};
	objectVersion = 46;
	objects = {

/* Begin PBXBuildFile section */
		CE00E0D01C47997100E7474D /* AKTableViewCell.m in Sources */ = {isa = PBXBuildFile; fileRef = CE00E0CF1C47997100E7474D /* AKTableViewCell.m */; };
		CE00E0D11C47997100E7474D /* AKTableViewCell.m in Sources */ = {isa = PBXBuildFile; fileRef = CE00E0CF1C47997100E7474D /* AKTableViewCell.m */; };
		CE00E0D21C47A01D00E7474D /* AKTableViewCell.h in Copy Files (8 items) */ = {isa = PBXBuildFile; fileRef = CE00E0CE1C47997100E7474D /* AKTableViewCell.h */; };
		CE00E0D61C47B8A900E7474D /* AKTableViewSectionController.m in Sources */ = {isa = PBXBuildFile; fileRef = CE00E0D51C47B8A900E7474D /* AKTableViewSectionController.m */; };
		CE00E0D71C47B8A900E7474D /* AKTableViewSectionController.m in Sources */ = {isa = PBXBuildFile; fileRef = CE00E0D51C47B8A900E7474D /* AKTableViewSectionController.m */; };
		CE00E0D81C47B8BF00E7474D /* AKTableViewSectionController.h in Copy Files (8 items) */ = {isa = PBXBuildFile; fileRef = CE00E0D41C47B8A900E7474D /* AKTableViewSectionController.h */; };
		CE00E0DB1C4878EC00E7474D /* NSTimer+AKBlocksSupport.h in Copy Files (8 items) */ = {isa = PBXBuildFile; fileRef = CE57CD1A1C2CBC5B00C584D4 /* NSTimer+AKBlocksSupport.h */; };
		CE00E0DC1C4878EC00E7474D /* AKDataModule.h in Copy Files (8 items) */ = {isa = PBXBuildFile; fileRef = CE00E0DA1C48075E00E7474D /* AKDataModule.h */; };
		CE00E0DD1C4878EC00E7474D /* AKTableViewConfiguration.h in Copy Files (8 items) */ = {isa = PBXBuildFile; fileRef = CE00E0D91C47B90700E7474D /* AKTableViewConfiguration.h */; };
		CE0E84EC1C311E3200D9F70A /* AKCell.h in Copy Files (8 items) */ = {isa = PBXBuildFile; fileRef = CE0E84EB1C311D9400D9F70A /* AKCell.h */; };
		CE3E8AD41C31439C0016DCDC /* UIScrollView+SpiralPullToRefresh.m in Sources */ = {isa = PBXBuildFile; fileRef = CE3E8AD31C31439C0016DCDC /* UIScrollView+SpiralPullToRefresh.m */; };
		CE3E8AD51C3143B90016DCDC /* UIScrollView+SpiralPullToRefresh.h in Copy Files (8 items) */ = {isa = PBXBuildFile; fileRef = CE3E8AD21C31439C0016DCDC /* UIScrollView+SpiralPullToRefresh.h */; };
		CE46E85D1C324B890075CA29 /* NSString+AKDrawing.m in Sources */ = {isa = PBXBuildFile; fileRef = CE46E85C1C324B890075CA29 /* NSString+AKDrawing.m */; };
		CE46E85E1C324DE70075CA29 /* NSString+AKDrawing.h in Copy Files (8 items) */ = {isa = PBXBuildFile; fileRef = CE46E85B1C324B890075CA29 /* NSString+AKDrawing.h */; };
		CE57CC971C295B9000C584D4 /* AppKit.h in Copy Files (8 items) */ = {isa = PBXBuildFile; fileRef = CE57CC961C295B9000C584D4 /* AppKit.h */; };
		CE57CC991C295B9000C584D4 /* AppKit.m in Sources */ = {isa = PBXBuildFile; fileRef = CE57CC981C295B9000C584D4 /* AppKit.m */; };
		CE57CCA61C295C4C00C584D4 /* AppKitUnitTests.m in Sources */ = {isa = PBXBuildFile; fileRef = CE57CCA51C295C4C00C584D4 /* AppKitUnitTests.m */; };
		CE57CCA81C295C4C00C584D4 /* libAppKit.a in Frameworks */ = {isa = PBXBuildFile; fileRef = CE57CC931C295B9000C584D4 /* libAppKit.a */; };
		CE57CCB71C295C7800C584D4 /* AKDataViewController.m in Sources */ = {isa = PBXBuildFile; fileRef = CE57CCB01C295C7800C584D4 /* AKDataViewController.m */; };
		CE57CCB81C295C7800C584D4 /* AKTableViewCellAdapter.m in Sources */ = {isa = PBXBuildFile; fileRef = CE57CCB21C295C7800C584D4 /* AKTableViewCellAdapter.m */; };
		CE57CCB91C295C7800C584D4 /* AKTableViewCellAdapterCache.m in Sources */ = {isa = PBXBuildFile; fileRef = CE57CCB41C295C7800C584D4 /* AKTableViewCellAdapterCache.m */; };
		CE57CCBB1C295C8200C584D4 /* AKDataViewController.m in Sources */ = {isa = PBXBuildFile; fileRef = CE57CCB01C295C7800C584D4 /* AKDataViewController.m */; };
		CE57CCBC1C295C8200C584D4 /* AKTableViewCellAdapter.m in Sources */ = {isa = PBXBuildFile; fileRef = CE57CCB21C295C7800C584D4 /* AKTableViewCellAdapter.m */; };
		CE57CCBD1C295C8200C584D4 /* AKTableViewCellAdapterCache.m in Sources */ = {isa = PBXBuildFile; fileRef = CE57CCB41C295C7800C584D4 /* AKTableViewCellAdapterCache.m */; };
		CE57CCBE1C295E5000C584D4 /* AKTableViewCellAdapterCacheTest.m in Sources */ = {isa = PBXBuildFile; fileRef = CE57CCB61C295C7800C584D4 /* AKTableViewCellAdapterCacheTest.m */; };
		CE57CD0B1C29957F00C584D4 /* AKDataViewController.h in Copy Files (8 items) */ = {isa = PBXBuildFile; fileRef = CE57CCAF1C295C7800C584D4 /* AKDataViewController.h */; };
		CE57CD0C1C29957F00C584D4 /* AKTableViewCellAdapter.h in Copy Files (8 items) */ = {isa = PBXBuildFile; fileRef = CE57CCB11C295C7800C584D4 /* AKTableViewCellAdapter.h */; };
		CE57CD0D1C29957F00C584D4 /* AKTableViewCellAdapterCache.h in Copy Files (8 items) */ = {isa = PBXBuildFile; fileRef = CE57CCB31C295C7800C584D4 /* AKTableViewCellAdapterCache.h */; };
		CE57CD171C2C3CF600C584D4 /* AKStream.m in Sources */ = {isa = PBXBuildFile; fileRef = CE57CD161C2C3CF600C584D4 /* AKStream.m */; };
		CE57CD181C2C3CF600C584D4 /* AKStream.m in Sources */ = {isa = PBXBuildFile; fileRef = CE57CD161C2C3CF600C584D4 /* AKStream.m */; };
		CE57CD1C1C2CBC5B00C584D4 /* NSTimer+AKBlocksSupport.m in Sources */ = {isa = PBXBuildFile; fileRef = CE57CD1B1C2CBC5B00C584D4 /* NSTimer+AKBlocksSupport.m */; };
		CE57CD1D1C2CBC5B00C584D4 /* NSTimer+AKBlocksSupport.m in Sources */ = {isa = PBXBuildFile; fileRef = CE57CD1B1C2CBC5B00C584D4 /* NSTimer+AKBlocksSupport.m */; };
		CE57D4451C42999800DB72C4 /* AKCollectionViewPinterestLayout.m in Sources */ = {isa = PBXBuildFile; fileRef = CE57D4441C42999800DB72C4 /* AKCollectionViewPinterestLayout.m */; };
		CE57D4461C42999800DB72C4 /* AKCollectionViewPinterestLayout.m in Sources */ = {isa = PBXBuildFile; fileRef = CE57D4441C42999800DB72C4 /* AKCollectionViewPinterestLayout.m */; };
		CE57D44D1C43553D00DB72C4 /* AKCollectionViewLineLayout.m in Sources */ = {isa = PBXBuildFile; fileRef = CE57D44C1C43553D00DB72C4 /* AKCollectionViewLineLayout.m */; };
		CE57D44E1C43553D00DB72C4 /* AKCollectionViewLineLayout.m in Sources */ = {isa = PBXBuildFile; fileRef = CE57D44C1C43553D00DB72C4 /* AKCollectionViewLineLayout.m */; };
		CE57D4901C43829A00DB72C4 /* AKCollectionViewLineLayoutController.m in Sources */ = {isa = PBXBuildFile; fileRef = CE57D48F1C43829A00DB72C4 /* AKCollectionViewLineLayoutController.m */; };
		CE57D4911C43829A00DB72C4 /* AKCollectionViewLineLayoutController.m in Sources */ = {isa = PBXBuildFile; fileRef = CE57D48F1C43829A00DB72C4 /* AKCollectionViewLineLayoutController.m */; };
		CE57D4941C43899800DB72C4 /* AKCollectionViewPinterestLayoutController.m in Sources */ = {isa = PBXBuildFile; fileRef = CE57D4931C43899800DB72C4 /* AKCollectionViewPinterestLayoutController.m */; };
		CE57D4951C43899800DB72C4 /* AKCollectionViewPinterestLayoutController.m in Sources */ = {isa = PBXBuildFile; fileRef = CE57D4931C43899800DB72C4 /* AKCollectionViewPinterestLayoutController.m */; };
		CE57D4981C4389DA00DB72C4 /* AKCollectionViewController.m in Sources */ = {isa = PBXBuildFile; fileRef = CE57D4971C4389DA00DB72C4 /* AKCollectionViewController.m */; };
		CE57D4991C4389DA00DB72C4 /* AKCollectionViewController.m in Sources */ = {isa = PBXBuildFile; fileRef = CE57D4971C4389DA00DB72C4 /* AKCollectionViewController.m */; };
		CE57D4A51C4391FA00DB72C4 /* AKCollectionViewPinterestLayout.h in Copy Files (8 items) */ = {isa = PBXBuildFile; fileRef = CE57D4431C42999800DB72C4 /* AKCollectionViewPinterestLayout.h */; };
		CE57D4A61C4391FA00DB72C4 /* AKCollectionViewLineLayout.h in Copy Files (8 items) */ = {isa = PBXBuildFile; fileRef = CE57D44B1C43553D00DB72C4 /* AKCollectionViewLineLayout.h */; };
		CE57D4A71C4391FA00DB72C4 /* AKCollectionViewLineLayoutController.h in Copy Files (8 items) */ = {isa = PBXBuildFile; fileRef = CE57D48E1C43829A00DB72C4 /* AKCollectionViewLineLayoutController.h */; };
		CE57D4A81C4391FA00DB72C4 /* AKCollectionViewPinterestLayoutController.h in Copy Files (8 items) */ = {isa = PBXBuildFile; fileRef = CE57D4921C43899800DB72C4 /* AKCollectionViewPinterestLayoutController.h */; };
		CE57D4A91C4391FA00DB72C4 /* AKCollectionViewController.h in Copy Files (8 items) */ = {isa = PBXBuildFile; fileRef = CE57D4961C4389DA00DB72C4 /* AKCollectionViewController.h */; };
		CE8BA1691C2D6A5B009CAD86 /* AKStream.h in Copy Files (8 items) */ = {isa = PBXBuildFile; fileRef = CE57CD151C2C3CF600C584D4 /* AKStream.h */; };
/* End PBXBuildFile section */

/* Begin PBXContainerItemProxy section */
		CE57CCA91C295C4C00C584D4 /* PBXContainerItemProxy */ = {
			isa = PBXContainerItemProxy;
			containerPortal = CE57CC8B1C295B9000C584D4 /* Project object */;
			proxyType = 1;
			remoteGlobalIDString = CE57CC921C295B9000C584D4;
			remoteInfo = AppKit;
		};
/* End PBXContainerItemProxy section */

/* Begin PBXCopyFilesBuildPhase section */
		CE57CC911C295B9000C584D4 /* Copy Files (8 items) */ = {
			isa = PBXCopyFilesBuildPhase;
			buildActionMask = 12;
			dstPath = "include/$(PRODUCT_NAME)";
			dstSubfolderSpec = 16;
			files = (
				CE00E0DB1C4878EC00E7474D /* NSTimer+AKBlocksSupport.h in Copy Files (8 items) */,
				CE00E0DC1C4878EC00E7474D /* AKDataModule.h in Copy Files (8 items) */,
				CE00E0DD1C4878EC00E7474D /* AKTableViewConfiguration.h in Copy Files (8 items) */,
				CE00E0D81C47B8BF00E7474D /* AKTableViewSectionController.h in Copy Files (8 items) */,
				CE00E0D21C47A01D00E7474D /* AKTableViewCell.h in Copy Files (8 items) */,
				CE57D4A51C4391FA00DB72C4 /* AKCollectionViewPinterestLayout.h in Copy Files (8 items) */,
				CE57D4A61C4391FA00DB72C4 /* AKCollectionViewLineLayout.h in Copy Files (8 items) */,
				CE57D4A71C4391FA00DB72C4 /* AKCollectionViewLineLayoutController.h in Copy Files (8 items) */,
				CE57D4A81C4391FA00DB72C4 /* AKCollectionViewPinterestLayoutController.h in Copy Files (8 items) */,
				CE57D4A91C4391FA00DB72C4 /* AKCollectionViewController.h in Copy Files (8 items) */,
				CE46E85E1C324DE70075CA29 /* NSString+AKDrawing.h in Copy Files (8 items) */,
				CE3E8AD51C3143B90016DCDC /* UIScrollView+SpiralPullToRefresh.h in Copy Files (8 items) */,
				CE0E84EC1C311E3200D9F70A /* AKCell.h in Copy Files (8 items) */,
				CE8BA1691C2D6A5B009CAD86 /* AKStream.h in Copy Files (8 items) */,
				CE57CD0B1C29957F00C584D4 /* AKDataViewController.h in Copy Files (8 items) */,
				CE57CD0C1C29957F00C584D4 /* AKTableViewCellAdapter.h in Copy Files (8 items) */,
				CE57CD0D1C29957F00C584D4 /* AKTableViewCellAdapterCache.h in Copy Files (8 items) */,
				CE57CC971C295B9000C584D4 /* AppKit.h in Copy Files (8 items) */,
			);
			name = "Copy Files (8 items)";
			runOnlyForDeploymentPostprocessing = 0;
		};
/* End PBXCopyFilesBuildPhase section */

/* Begin PBXFileReference section */
		CE00E0CE1C47997100E7474D /* AKTableViewCell.h */ = {isa = PBXFileReference; fileEncoding = 4; lastKnownFileType = sourcecode.c.h; path = AKTableViewCell.h; sourceTree = "<group>"; };
		CE00E0CF1C47997100E7474D /* AKTableViewCell.m */ = {isa = PBXFileReference; fileEncoding = 4; lastKnownFileType = sourcecode.c.objc; path = AKTableViewCell.m; sourceTree = "<group>"; };
		CE00E0D41C47B8A900E7474D /* AKTableViewSectionController.h */ = {isa = PBXFileReference; fileEncoding = 4; lastKnownFileType = sourcecode.c.h; path = AKTableViewSectionController.h; sourceTree = "<group>"; };
		CE00E0D51C47B8A900E7474D /* AKTableViewSectionController.m */ = {isa = PBXFileReference; fileEncoding = 4; lastKnownFileType = sourcecode.c.objc; path = AKTableViewSectionController.m; sourceTree = "<group>"; };
		CE00E0D91C47B90700E7474D /* AKTableViewConfiguration.h */ = {isa = PBXFileReference; fileEncoding = 4; lastKnownFileType = sourcecode.c.h; path = AKTableViewConfiguration.h; sourceTree = "<group>"; };
		CE00E0DA1C48075E00E7474D /* AKDataModule.h */ = {isa = PBXFileReference; fileEncoding = 4; lastKnownFileType = sourcecode.c.h; path = AKDataModule.h; sourceTree = "<group>"; };
		CE0E84EB1C311D9400D9F70A /* AKCell.h */ = {isa = PBXFileReference; fileEncoding = 4; lastKnownFileType = sourcecode.c.h; path = AKCell.h; sourceTree = "<group>"; };
		CE3E8AD21C31439C0016DCDC /* UIScrollView+SpiralPullToRefresh.h */ = {isa = PBXFileReference; fileEncoding = 4; lastKnownFileType = sourcecode.c.h; path = "UIScrollView+SpiralPullToRefresh.h"; sourceTree = "<group>"; };
		CE3E8AD31C31439C0016DCDC /* UIScrollView+SpiralPullToRefresh.m */ = {isa = PBXFileReference; fileEncoding = 4; lastKnownFileType = sourcecode.c.objc; path = "UIScrollView+SpiralPullToRefresh.m"; sourceTree = "<group>"; };
		CE46E85B1C324B890075CA29 /* NSString+AKDrawing.h */ = {isa = PBXFileReference; fileEncoding = 4; lastKnownFileType = sourcecode.c.h; path = "NSString+AKDrawing.h"; sourceTree = "<group>"; };
		CE46E85C1C324B890075CA29 /* NSString+AKDrawing.m */ = {isa = PBXFileReference; fileEncoding = 4; lastKnownFileType = sourcecode.c.objc; path = "NSString+AKDrawing.m"; sourceTree = "<group>"; };
		CE57CC931C295B9000C584D4 /* libAppKit.a */ = {isa = PBXFileReference; explicitFileType = archive.ar; includeInIndex = 0; path = libAppKit.a; sourceTree = BUILT_PRODUCTS_DIR; };
		CE57CC961C295B9000C584D4 /* AppKit.h */ = {isa = PBXFileReference; lastKnownFileType = sourcecode.c.h; path = AppKit.h; sourceTree = "<group>"; };
		CE57CC981C295B9000C584D4 /* AppKit.m */ = {isa = PBXFileReference; lastKnownFileType = sourcecode.c.objc; path = AppKit.m; sourceTree = "<group>"; };
		CE57CCA31C295C4C00C584D4 /* AppKitUnitTests.xctest */ = {isa = PBXFileReference; explicitFileType = wrapper.cfbundle; includeInIndex = 0; path = AppKitUnitTests.xctest; sourceTree = BUILT_PRODUCTS_DIR; };
		CE57CCA51C295C4C00C584D4 /* AppKitUnitTests.m */ = {isa = PBXFileReference; lastKnownFileType = sourcecode.c.objc; path = AppKitUnitTests.m; sourceTree = "<group>"; };
		CE57CCA71C295C4C00C584D4 /* Info.plist */ = {isa = PBXFileReference; lastKnownFileType = text.plist.xml; path = Info.plist; sourceTree = "<group>"; };
		CE57CCAF1C295C7800C584D4 /* AKDataViewController.h */ = {isa = PBXFileReference; fileEncoding = 4; lastKnownFileType = sourcecode.c.h; path = AKDataViewController.h; sourceTree = "<group>"; };
		CE57CCB01C295C7800C584D4 /* AKDataViewController.m */ = {isa = PBXFileReference; fileEncoding = 4; lastKnownFileType = sourcecode.c.objc; path = AKDataViewController.m; sourceTree = "<group>"; };
		CE57CCB11C295C7800C584D4 /* AKTableViewCellAdapter.h */ = {isa = PBXFileReference; fileEncoding = 4; lastKnownFileType = sourcecode.c.h; path = AKTableViewCellAdapter.h; sourceTree = "<group>"; };
		CE57CCB21C295C7800C584D4 /* AKTableViewCellAdapter.m */ = {isa = PBXFileReference; fileEncoding = 4; lastKnownFileType = sourcecode.c.objc; path = AKTableViewCellAdapter.m; sourceTree = "<group>"; };
		CE57CCB31C295C7800C584D4 /* AKTableViewCellAdapterCache.h */ = {isa = PBXFileReference; fileEncoding = 4; lastKnownFileType = sourcecode.c.h; path = AKTableViewCellAdapterCache.h; sourceTree = "<group>"; };
		CE57CCB41C295C7800C584D4 /* AKTableViewCellAdapterCache.m */ = {isa = PBXFileReference; fileEncoding = 4; lastKnownFileType = sourcecode.c.objc; path = AKTableViewCellAdapterCache.m; sourceTree = "<group>"; };
		CE57CCB61C295C7800C584D4 /* AKTableViewCellAdapterCacheTest.m */ = {isa = PBXFileReference; fileEncoding = 4; lastKnownFileType = sourcecode.c.objc; path = AKTableViewCellAdapterCacheTest.m; sourceTree = "<group>"; };
		CE57CD151C2C3CF600C584D4 /* AKStream.h */ = {isa = PBXFileReference; fileEncoding = 4; lastKnownFileType = sourcecode.c.h; path = AKStream.h; sourceTree = "<group>"; };
		CE57CD161C2C3CF600C584D4 /* AKStream.m */ = {isa = PBXFileReference; fileEncoding = 4; lastKnownFileType = sourcecode.c.objc; path = AKStream.m; sourceTree = "<group>"; };
		CE57CD1A1C2CBC5B00C584D4 /* NSTimer+AKBlocksSupport.h */ = {isa = PBXFileReference; fileEncoding = 4; lastKnownFileType = sourcecode.c.h; path = "NSTimer+AKBlocksSupport.h"; sourceTree = "<group>"; };
		CE57CD1B1C2CBC5B00C584D4 /* NSTimer+AKBlocksSupport.m */ = {isa = PBXFileReference; fileEncoding = 4; lastKnownFileType = sourcecode.c.objc; path = "NSTimer+AKBlocksSupport.m"; sourceTree = "<group>"; };
		CE57D4431C42999800DB72C4 /* AKCollectionViewPinterestLayout.h */ = {isa = PBXFileReference; fileEncoding = 4; lastKnownFileType = sourcecode.c.h; path = AKCollectionViewPinterestLayout.h; sourceTree = "<group>"; };
		CE57D4441C42999800DB72C4 /* AKCollectionViewPinterestLayout.m */ = {isa = PBXFileReference; fileEncoding = 4; lastKnownFileType = sourcecode.c.objc; path = AKCollectionViewPinterestLayout.m; sourceTree = "<group>"; };
		CE57D44B1C43553D00DB72C4 /* AKCollectionViewLineLayout.h */ = {isa = PBXFileReference; fileEncoding = 4; lastKnownFileType = sourcecode.c.h; path = AKCollectionViewLineLayout.h; sourceTree = "<group>"; };
		CE57D44C1C43553D00DB72C4 /* AKCollectionViewLineLayout.m */ = {isa = PBXFileReference; fileEncoding = 4; lastKnownFileType = sourcecode.c.objc; path = AKCollectionViewLineLayout.m; sourceTree = "<group>"; };
		CE57D48E1C43829A00DB72C4 /* AKCollectionViewLineLayoutController.h */ = {isa = PBXFileReference; fileEncoding = 4; lastKnownFileType = sourcecode.c.h; path = AKCollectionViewLineLayoutController.h; sourceTree = "<group>"; };
		CE57D48F1C43829A00DB72C4 /* AKCollectionViewLineLayoutController.m */ = {isa = PBXFileReference; fileEncoding = 4; lastKnownFileType = sourcecode.c.objc; path = AKCollectionViewLineLayoutController.m; sourceTree = "<group>"; };
		CE57D4921C43899800DB72C4 /* AKCollectionViewPinterestLayoutController.h */ = {isa = PBXFileReference; fileEncoding = 4; lastKnownFileType = sourcecode.c.h; path = AKCollectionViewPinterestLayoutController.h; sourceTree = "<group>"; };
		CE57D4931C43899800DB72C4 /* AKCollectionViewPinterestLayoutController.m */ = {isa = PBXFileReference; fileEncoding = 4; lastKnownFileType = sourcecode.c.objc; path = AKCollectionViewPinterestLayoutController.m; sourceTree = "<group>"; };
		CE57D4961C4389DA00DB72C4 /* AKCollectionViewController.h */ = {isa = PBXFileReference; fileEncoding = 4; lastKnownFileType = sourcecode.c.h; path = AKCollectionViewController.h; sourceTree = "<group>"; };
		CE57D4971C4389DA00DB72C4 /* AKCollectionViewController.m */ = {isa = PBXFileReference; fileEncoding = 4; lastKnownFileType = sourcecode.c.objc; path = AKCollectionViewController.m; sourceTree = "<group>"; };
/* End PBXFileReference section */

/* Begin PBXFrameworksBuildPhase section */
		CE57CC901C295B9000C584D4 /* Frameworks */ = {
			isa = PBXFrameworksBuildPhase;
			buildActionMask = 2147483647;
			files = (
			);
			runOnlyForDeploymentPostprocessing = 0;
		};
		CE57CCA01C295C4C00C584D4 /* Frameworks */ = {
			isa = PBXFrameworksBuildPhase;
			buildActionMask = 2147483647;
			files = (
				CE57CCA81C295C4C00C584D4 /* libAppKit.a in Frameworks */,
			);
			runOnlyForDeploymentPostprocessing = 0;
		};
/* End PBXFrameworksBuildPhase section */

/* Begin PBXGroup section */
		CE3E8AD01C31439C0016DCDC /* Components */ = {
			isa = PBXGroup;
			children = (
				CE57D4421C42996C00DB72C4 /* CollectionViews */,
				CE3E8AD11C31439C0016DCDC /* PullToRefresh */,
			);
			path = Components;
			sourceTree = "<group>";
		};
		CE3E8AD11C31439C0016DCDC /* PullToRefresh */ = {
			isa = PBXGroup;
			children = (
				CE3E8AD21C31439C0016DCDC /* UIScrollView+SpiralPullToRefresh.h */,
				CE3E8AD31C31439C0016DCDC /* UIScrollView+SpiralPullToRefresh.m */,
			);
			path = PullToRefresh;
			sourceTree = "<group>";
		};
		CE57CC8A1C295B9000C584D4 = {
			isa = PBXGroup;
			children = (
				CE57CC951C295B9000C584D4 /* AppKit */,
				CE57CCA41C295C4C00C584D4 /* AppKitUnitTests */,
				CE57CC941C295B9000C584D4 /* Products */,
			);
			sourceTree = "<group>";
		};
		CE57CC941C295B9000C584D4 /* Products */ = {
			isa = PBXGroup;
			children = (
				CE57CC931C295B9000C584D4 /* libAppKit.a */,
				CE57CCA31C295C4C00C584D4 /* AppKitUnitTests.xctest */,
			);
			name = Products;
			sourceTree = "<group>";
		};
		CE57CC951C295B9000C584D4 /* AppKit */ = {
			isa = PBXGroup;
			children = (
				CE3E8AD01C31439C0016DCDC /* Components */,
				CE57CD191C2CBC3600C584D4 /* Utilities */,
				CE57CD141C2C3CE300C584D4 /* Data */,
				CE57CCAE1C295C7800C584D4 /* DataViewController */,
				CE57CC961C295B9000C584D4 /* AppKit.h */,
				CE57CC981C295B9000C584D4 /* AppKit.m */,
			);
			path = AppKit;
			sourceTree = "<group>";
		};
		CE57CCA41C295C4C00C584D4 /* AppKitUnitTests */ = {
			isa = PBXGroup;
			children = (
				CE57CCA51C295C4C00C584D4 /* AppKitUnitTests.m */,
				CE57CCA71C295C4C00C584D4 /* Info.plist */,
			);
			path = AppKitUnitTests;
			sourceTree = "<group>";
		};
		CE57CCAE1C295C7800C584D4 /* DataViewController */ = {
			isa = PBXGroup;
			children = (
				CE0E84EB1C311D9400D9F70A /* AKCell.h */,
				CE00E0DA1C48075E00E7474D /* AKDataModule.h */,
				CE57CCAF1C295C7800C584D4 /* AKDataViewController.h */,
				CE57CCB01C295C7800C584D4 /* AKDataViewController.m */,
				CE00E0CE1C47997100E7474D /* AKTableViewCell.h */,
				CE00E0CF1C47997100E7474D /* AKTableViewCell.m */,
				CE57CCB11C295C7800C584D4 /* AKTableViewCellAdapter.h */,
				CE57CCB21C295C7800C584D4 /* AKTableViewCellAdapter.m */,
				CE57CCB31C295C7800C584D4 /* AKTableViewCellAdapterCache.h */,
				CE57CCB41C295C7800C584D4 /* AKTableViewCellAdapterCache.m */,
				CE00E0D91C47B90700E7474D /* AKTableViewConfiguration.h */,
				CE00E0D41C47B8A900E7474D /* AKTableViewSectionController.h */,
				CE00E0D51C47B8A900E7474D /* AKTableViewSectionController.m */,
				CE57CCB51C295C7800C584D4 /* Tests */,
			);
			path = DataViewController;
			sourceTree = "<group>";
		};
		CE57CCB51C295C7800C584D4 /* Tests */ = {
			isa = PBXGroup;
			children = (
				CE57CCB61C295C7800C584D4 /* AKTableViewCellAdapterCacheTest.m */,
			);
			path = Tests;
			sourceTree = "<group>";
		};
		CE57CD141C2C3CE300C584D4 /* Data */ = {
			isa = PBXGroup;
			children = (
				CE57CD151C2C3CF600C584D4 /* AKStream.h */,
				CE57CD161C2C3CF600C584D4 /* AKStream.m */,
			);
			path = Data;
			sourceTree = "<group>";
		};
		CE57CD191C2CBC3600C584D4 /* Utilities */ = {
			isa = PBXGroup;
			children = (
				CE57CD1A1C2CBC5B00C584D4 /* NSTimer+AKBlocksSupport.h */,
				CE57CD1B1C2CBC5B00C584D4 /* NSTimer+AKBlocksSupport.m */,
				CE46E85B1C324B890075CA29 /* NSString+AKDrawing.h */,
				CE46E85C1C324B890075CA29 /* NSString+AKDrawing.m */,
			);
			path = Utilities;
			sourceTree = "<group>";
		};
		CE57D4421C42996C00DB72C4 /* CollectionViews */ = {
			isa = PBXGroup;
			children = (
				CE57D4431C42999800DB72C4 /* AKCollectionViewPinterestLayout.h */,
				CE57D4441C42999800DB72C4 /* AKCollectionViewPinterestLayout.m */,
				CE57D44B1C43553D00DB72C4 /* AKCollectionViewLineLayout.h */,
				CE57D44C1C43553D00DB72C4 /* AKCollectionViewLineLayout.m */,
				CE57D48E1C43829A00DB72C4 /* AKCollectionViewLineLayoutController.h */,
				CE57D48F1C43829A00DB72C4 /* AKCollectionViewLineLayoutController.m */,
				CE57D4921C43899800DB72C4 /* AKCollectionViewPinterestLayoutController.h */,
				CE57D4931C43899800DB72C4 /* AKCollectionViewPinterestLayoutController.m */,
				CE57D4961C4389DA00DB72C4 /* AKCollectionViewController.h */,
				CE57D4971C4389DA00DB72C4 /* AKCollectionViewController.m */,
			);
			path = CollectionViews;
			sourceTree = "<group>";
		};
/* End PBXGroup section */

/* Begin PBXNativeTarget section */
		CE57CC921C295B9000C584D4 /* AppKit */ = {
			isa = PBXNativeTarget;
			buildConfigurationList = CE57CC9C1C295B9000C584D4 /* Build configuration list for PBXNativeTarget "AppKit" */;
			buildPhases = (
				CE57CC8F1C295B9000C584D4 /* Sources */,
				CE57CC901C295B9000C584D4 /* Frameworks */,
				CE57CC911C295B9000C584D4 /* Copy Files (8 items) */,
			);
			buildRules = (
			);
			dependencies = (
			);
			name = AppKit;
			productName = AppKit;
			productReference = CE57CC931C295B9000C584D4 /* libAppKit.a */;
			productType = "com.apple.product-type.library.static";
		};
		CE57CCA21C295C4C00C584D4 /* AppKitUnitTests */ = {
			isa = PBXNativeTarget;
			buildConfigurationList = CE57CCAB1C295C4C00C584D4 /* Build configuration list for PBXNativeTarget "AppKitUnitTests" */;
			buildPhases = (
				CE57CC9F1C295C4C00C584D4 /* Sources */,
				CE57CCA01C295C4C00C584D4 /* Frameworks */,
				CE57CCA11C295C4C00C584D4 /* Resources */,
			);
			buildRules = (
			);
			dependencies = (
				CE57CCAA1C295C4C00C584D4 /* PBXTargetDependency */,
			);
			name = AppKitUnitTests;
			productName = AppKitUnitTests;
			productReference = CE57CCA31C295C4C00C584D4 /* AppKitUnitTests.xctest */;
			productType = "com.apple.product-type.bundle.unit-test";
		};
/* End PBXNativeTarget section */

/* Begin PBXProject section */
		CE57CC8B1C295B9000C584D4 /* Project object */ = {
			isa = PBXProject;
			attributes = {
				LastUpgradeCheck = 0720;
				ORGANIZATIONNAME = "Zijiao Liu";
				TargetAttributes = {
					CE57CC921C295B9000C584D4 = {
						CreatedOnToolsVersion = 7.2;
					};
					CE57CCA21C295C4C00C584D4 = {
						CreatedOnToolsVersion = 7.2;
					};
				};
			};
			buildConfigurationList = CE57CC8E1C295B9000C584D4 /* Build configuration list for PBXProject "AppKit" */;
			compatibilityVersion = "Xcode 3.2";
			developmentRegion = English;
			hasScannedForEncodings = 0;
			knownRegions = (
				en,
			);
			mainGroup = CE57CC8A1C295B9000C584D4;
			productRefGroup = CE57CC941C295B9000C584D4 /* Products */;
			projectDirPath = "";
			projectRoot = "";
			targets = (
				CE57CC921C295B9000C584D4 /* AppKit */,
				CE57CCA21C295C4C00C584D4 /* AppKitUnitTests */,
			);
		};
/* End PBXProject section */

/* Begin PBXResourcesBuildPhase section */
		CE57CCA11C295C4C00C584D4 /* Resources */ = {
			isa = PBXResourcesBuildPhase;
			buildActionMask = 2147483647;
			files = (
			);
			runOnlyForDeploymentPostprocessing = 0;
		};
/* End PBXResourcesBuildPhase section */

/* Begin PBXSourcesBuildPhase section */
		CE57CC8F1C295B9000C584D4 /* Sources */ = {
			isa = PBXSourcesBuildPhase;
			buildActionMask = 2147483647;
			files = (
				CE57D4901C43829A00DB72C4 /* AKCollectionViewLineLayoutController.m in Sources */,
				CE57D4941C43899800DB72C4 /* AKCollectionViewPinterestLayoutController.m in Sources */,
				CE57CD171C2C3CF600C584D4 /* AKStream.m in Sources */,
				CE57CCB91C295C7800C584D4 /* AKTableViewCellAdapterCache.m in Sources */,
				CE46E85D1C324B890075CA29 /* NSString+AKDrawing.m in Sources */,
				CE57CCB81C295C7800C584D4 /* AKTableViewCellAdapter.m in Sources */,
				CE00E0D61C47B8A900E7474D /* AKTableViewSectionController.m in Sources */,
				CE57CCB71C295C7800C584D4 /* AKDataViewController.m in Sources */,
				CE57CD1C1C2CBC5B00C584D4 /* NSTimer+AKBlocksSupport.m in Sources */,
				CE00E0D01C47997100E7474D /* AKTableViewCell.m in Sources */,
				CE57CC991C295B9000C584D4 /* AppKit.m in Sources */,
				CE57D4451C42999800DB72C4 /* AKCollectionViewPinterestLayout.m in Sources */,
				CE57D44D1C43553D00DB72C4 /* AKCollectionViewLineLayout.m in Sources */,
				CE3E8AD41C31439C0016DCDC /* UIScrollView+SpiralPullToRefresh.m in Sources */,
				CE57D4981C4389DA00DB72C4 /* AKCollectionViewController.m in Sources */,
			);
			runOnlyForDeploymentPostprocessing = 0;
		};
		CE57CC9F1C295C4C00C584D4 /* Sources */ = {
			isa = PBXSourcesBuildPhase;
			buildActionMask = 2147483647;
			files = (
				CE57CCBD1C295C8200C584D4 /* AKTableViewCellAdapterCache.m in Sources */,
				CE57CCBC1C295C8200C584D4 /* AKTableViewCellAdapter.m in Sources */,
				CE57D44E1C43553D00DB72C4 /* AKCollectionViewLineLayout.m in Sources */,
				CE57CD1D1C2CBC5B00C584D4 /* NSTimer+AKBlocksSupport.m in Sources */,
				CE57D4911C43829A00DB72C4 /* AKCollectionViewLineLayoutController.m in Sources */,
				CE57CCBB1C295C8200C584D4 /* AKDataViewController.m in Sources */,
				CE57CCA61C295C4C00C584D4 /* AppKitUnitTests.m in Sources */,
				CE00E0D71C47B8A900E7474D /* AKTableViewSectionController.m in Sources */,
				CE57D4951C43899800DB72C4 /* AKCollectionViewPinterestLayoutController.m in Sources */,
				CE57CCBE1C295E5000C584D4 /* AKTableViewCellAdapterCacheTest.m in Sources */,
				CE57D4461C42999800DB72C4 /* AKCollectionViewPinterestLayout.m in Sources */,
				CE00E0D11C47997100E7474D /* AKTableViewCell.m in Sources */,
				CE57D4991C4389DA00DB72C4 /* AKCollectionViewController.m in Sources */,
				CE57CD181C2C3CF600C584D4 /* AKStream.m in Sources */,
			);
			runOnlyForDeploymentPostprocessing = 0;
		};
/* End PBXSourcesBuildPhase section */

/* Begin PBXTargetDependency section */
		CE57CCAA1C295C4C00C584D4 /* PBXTargetDependency */ = {
			isa = PBXTargetDependency;
			target = CE57CC921C295B9000C584D4 /* AppKit */;
			targetProxy = CE57CCA91C295C4C00C584D4 /* PBXContainerItemProxy */;
		};
/* End PBXTargetDependency section */

/* Begin XCBuildConfiguration section */
		CE57CC9A1C295B9000C584D4 /* Debug */ = {
			isa = XCBuildConfiguration;
			buildSettings = {
				ALWAYS_SEARCH_USER_PATHS = NO;
				CLANG_CXX_LANGUAGE_STANDARD = "gnu++0x";
				CLANG_CXX_LIBRARY = "libc++";
				CLANG_ENABLE_MODULES = YES;
				CLANG_ENABLE_OBJC_ARC = YES;
				CLANG_WARN_BOOL_CONVERSION = YES;
				CLANG_WARN_CONSTANT_CONVERSION = YES;
				CLANG_WARN_DIRECT_OBJC_ISA_USAGE = YES_ERROR;
				CLANG_WARN_EMPTY_BODY = YES;
				CLANG_WARN_ENUM_CONVERSION = YES;
				CLANG_WARN_INT_CONVERSION = YES;
				CLANG_WARN_OBJC_ROOT_CLASS = YES_ERROR;
				CLANG_WARN_UNREACHABLE_CODE = YES;
				CLANG_WARN__DUPLICATE_METHOD_MATCH = YES;
				"CODE_SIGN_IDENTITY[sdk=iphoneos*]" = "iPhone Developer";
				COPY_PHASE_STRIP = NO;
				DEBUG_INFORMATION_FORMAT = dwarf;
				ENABLE_STRICT_OBJC_MSGSEND = YES;
				ENABLE_TESTABILITY = YES;
				GCC_C_LANGUAGE_STANDARD = gnu99;
				GCC_DYNAMIC_NO_PIC = NO;
				GCC_NO_COMMON_BLOCKS = YES;
				GCC_OPTIMIZATION_LEVEL = 0;
				GCC_PREPROCESSOR_DEFINITIONS = (
					"DEBUG=1",
					"$(inherited)",
				);
				GCC_WARN_64_TO_32_BIT_CONVERSION = YES;
				GCC_WARN_ABOUT_RETURN_TYPE = YES_ERROR;
				GCC_WARN_UNDECLARED_SELECTOR = YES;
				GCC_WARN_UNINITIALIZED_AUTOS = YES_AGGRESSIVE;
				GCC_WARN_UNUSED_FUNCTION = YES;
				GCC_WARN_UNUSED_VARIABLE = YES;
				IPHONEOS_DEPLOYMENT_TARGET = 9.2;
				MTL_ENABLE_DEBUG_INFO = YES;
				ONLY_ACTIVE_ARCH = YES;
				SDKROOT = iphoneos;
			};
			name = Debug;
		};
		CE57CC9B1C295B9000C584D4 /* Release */ = {
			isa = XCBuildConfiguration;
			buildSettings = {
				ALWAYS_SEARCH_USER_PATHS = NO;
				CLANG_CXX_LANGUAGE_STANDARD = "gnu++0x";
				CLANG_CXX_LIBRARY = "libc++";
				CLANG_ENABLE_MODULES = YES;
				CLANG_ENABLE_OBJC_ARC = YES;
				CLANG_WARN_BOOL_CONVERSION = YES;
				CLANG_WARN_CONSTANT_CONVERSION = YES;
				CLANG_WARN_DIRECT_OBJC_ISA_USAGE = YES_ERROR;
				CLANG_WARN_EMPTY_BODY = YES;
				CLANG_WARN_ENUM_CONVERSION = YES;
				CLANG_WARN_INT_CONVERSION = YES;
				CLANG_WARN_OBJC_ROOT_CLASS = YES_ERROR;
				CLANG_WARN_UNREACHABLE_CODE = YES;
				CLANG_WARN__DUPLICATE_METHOD_MATCH = YES;
				"CODE_SIGN_IDENTITY[sdk=iphoneos*]" = "iPhone Developer";
				COPY_PHASE_STRIP = NO;
				DEBUG_INFORMATION_FORMAT = "dwarf-with-dsym";
				ENABLE_NS_ASSERTIONS = NO;
				ENABLE_STRICT_OBJC_MSGSEND = YES;
				GCC_C_LANGUAGE_STANDARD = gnu99;
				GCC_NO_COMMON_BLOCKS = YES;
				GCC_WARN_64_TO_32_BIT_CONVERSION = YES;
				GCC_WARN_ABOUT_RETURN_TYPE = YES_ERROR;
				GCC_WARN_UNDECLARED_SELECTOR = YES;
				GCC_WARN_UNINITIALIZED_AUTOS = YES_AGGRESSIVE;
				GCC_WARN_UNUSED_FUNCTION = YES;
				GCC_WARN_UNUSED_VARIABLE = YES;
				IPHONEOS_DEPLOYMENT_TARGET = 9.2;
				MTL_ENABLE_DEBUG_INFO = NO;
				SDKROOT = iphoneos;
				VALIDATE_PRODUCT = YES;
			};
			name = Release;
		};
		CE57CC9D1C295B9000C584D4 /* Debug */ = {
			isa = XCBuildConfiguration;
			buildSettings = {
				FRAMEWORK_SEARCH_PATHS = "$(PLATFORM_DIR)/Developer/Library/Frameworks";
				OTHER_LDFLAGS = "-ObjC";
				PRODUCT_NAME = "$(TARGET_NAME)";
				SKIP_INSTALL = YES;
			};
			name = Debug;
		};
		CE57CC9E1C295B9000C584D4 /* Release */ = {
			isa = XCBuildConfiguration;
			buildSettings = {
				FRAMEWORK_SEARCH_PATHS = "$(PLATFORM_DIR)/Developer/Library/Frameworks";
				OTHER_LDFLAGS = "-ObjC";
				PRODUCT_NAME = "$(TARGET_NAME)";
				SKIP_INSTALL = YES;
			};
			name = Release;
		};
		CE57CCAC1C295C4C00C584D4 /* Debug */ = {
			isa = XCBuildConfiguration;
			buildSettings = {
				INFOPLIST_FILE = AppKitUnitTests/Info.plist;
				LD_RUNPATH_SEARCH_PATHS = "$(inherited) @executable_path/Frameworks @loader_path/Frameworks";
				PRODUCT_BUNDLE_IDENTIFIER = fri.AppKitUnitTests;
				PRODUCT_NAME = "$(TARGET_NAME)";
			};
			name = Debug;
		};
		CE57CCAD1C295C4C00C584D4 /* Release */ = {
			isa = XCBuildConfiguration;
			buildSettings = {
				INFOPLIST_FILE = AppKitUnitTests/Info.plist;
				LD_RUNPATH_SEARCH_PATHS = "$(inherited) @executable_path/Frameworks @loader_path/Frameworks";
				PRODUCT_BUNDLE_IDENTIFIER = fri.AppKitUnitTests;
				PRODUCT_NAME = "$(TARGET_NAME)";
			};
			name = Release;
		};
/* End XCBuildConfiguration section */

/* Begin XCConfigurationList section */
		CE57CC8E1C295B9000C584D4 /* Build configuration list for PBXProject "AppKit" */ = {
			isa = XCConfigurationList;
			buildConfigurations = (
				CE57CC9A1C295B9000C584D4 /* Debug */,
				CE57CC9B1C295B9000C584D4 /* Release */,
			);
			defaultConfigurationIsVisible = 0;
			defaultConfigurationName = Release;
		};
		CE57CC9C1C295B9000C584D4 /* Build configuration list for PBXNativeTarget "AppKit" */ = {
			isa = XCConfigurationList;
			buildConfigurations = (
				CE57CC9D1C295B9000C584D4 /* Debug */,
				CE57CC9E1C295B9000C584D4 /* Release */,
			);
			defaultConfigurationIsVisible = 0;
			defaultConfigurationName = Release;
		};
		CE57CCAB1C295C4C00C584D4 /* Build configuration list for PBXNativeTarget "AppKitUnitTests" */ = {
			isa = XCConfigurationList;
			buildConfigurations = (
				CE57CCAC1C295C4C00C584D4 /* Debug */,
				CE57CCAD1C295C4C00C584D4 /* Release */,
			);
			defaultConfigurationIsVisible = 0;
			defaultConfigurationName = Release;
		};
/* End XCConfigurationList section */
	};
	rootObject = CE57CC8B1C295B9000C584D4 /* Project object */;
}
